
Microsoft Visual Studio Solution File, Format Version 12.00
# Visual Studio 15
VisualStudioVersion = 15.0.26730.8
MinimumVisualStudioVersion = 10.0.40219.1
Project("{F184B08F-C81C-45F6-A57F-5ABD9991F28F}") = "StriteInventoryManagementUpdater", "StriteInventoryManagementUpdater\StriteInventoryManagementUpdater.vbproj", "{5AE7CDCA-72CD-455B-BF2D-9AEDFE3FDA35}"
EndProject
Global
	GlobalSection(SolutionConfigurationPlatforms) = preSolution
		Debug|Any CPU = Debug|Any CPU
		Release|Any CPU = Release|Any CPU
	EndGlobalSection
	GlobalSection(ProjectConfigurationPlatforms) = postSolution
		{5AE7CDCA-72CD-455B-BF2D-9AEDFE3FDA35}.Debug|Any CPU.ActiveCfg = Debug|Any CPU
		{5AE7CDCA-72CD-455B-BF2D-9AEDFE3FDA35}.Debug|Any CPU.Build.0 = Debug|Any CPU
		{5AE7CDCA-72CD-455B-BF2D-9AEDFE3FDA35}.Release|Any CPU.ActiveCfg = Release|Any CPU
		{5AE7CDCA-72CD-455B-BF2D-9AEDFE3FDA35}.Release|Any CPU.Build.0 = Release|Any CPU
	EndGlobalSection
	GlobalSection(SolutionProperties) = preSolution
		HideSolutionNode = FALSE
	EndGlobalSection
	GlobalSection(ExtensibilityGlobals) = postSolution
		SolutionGuid = {BF3EC17D-F4BE-48A9-AFA8-BB70F63DE112}
	EndGlobalSection
EndGlobal
